
Microsoft Visual Studio Solution File, Format Version 12.00
# Visual Studio Version 16
VisualStudioVersion = 16.0.30413.136
MinimumVisualStudioVersion = 10.0.40219.1
Project("{9A19103F-16F7-4668-BE54-9A1E7A4F7556}") = "Contatos.Domain", "Contatos.Domain\Contatos.Domain.csproj", "{96D23C40-B57D-499D-8DFF-7542E9D2D33F}"
EndProject
Project("{9A19103F-16F7-4668-BE54-9A1E7A4F7556}") = "Contatos.Application", "Contatos.Application\Contatos.Application.csproj", "{BFE130DA-1886-4135-867D-C8037D78F4D6}"
EndProject
Project("{9A19103F-16F7-4668-BE54-9A1E7A4F7556}") = "Contatos.Infra", "Contatos.Infra\Contatos.Infra.csproj", "{83B072E8-7595-4168-A70B-80C8391CFDDD}"
EndProject
Project("{9A19103F-16F7-4668-BE54-9A1E7A4F7556}") = "Contatos.API", "Contatos.API\Contatos.API.csproj", "{FADA4896-0117-40D2-9B20-F5C0A9B6CA11}"
EndProject
Global
	GlobalSection(SolutionConfigurationPlatforms) = preSolution
		Debug|Any CPU = Debug|Any CPU
		Release|Any CPU = Release|Any CPU
	EndGlobalSection
	GlobalSection(ProjectConfigurationPlatforms) = postSolution
		{96D23C40-B57D-499D-8DFF-7542E9D2D33F}.Debug|Any CPU.ActiveCfg = Debug|Any CPU
		{96D23C40-B57D-499D-8DFF-7542E9D2D33F}.Debug|Any CPU.Build.0 = Debug|Any CPU
		{96D23C40-B57D-499D-8DFF-7542E9D2D33F}.Release|Any CPU.ActiveCfg = Release|Any CPU
		{96D23C40-B57D-499D-8DFF-7542E9D2D33F}.Release|Any CPU.Build.0 = Release|Any CPU
		{BFE130DA-1886-4135-867D-C8037D78F4D6}.Debug|Any CPU.ActiveCfg = Debug|Any CPU
		{BFE130DA-1886-4135-867D-C8037D78F4D6}.Debug|Any CPU.Build.0 = Debug|Any CPU
		{BFE130DA-1886-4135-867D-C8037D78F4D6}.Release|Any CPU.ActiveCfg = Release|Any CPU
		{BFE130DA-1886-4135-867D-C8037D78F4D6}.Release|Any CPU.Build.0 = Release|Any CPU
		{83B072E8-7595-4168-A70B-80C8391CFDDD}.Debug|Any CPU.ActiveCfg = Debug|Any CPU
		{83B072E8-7595-4168-A70B-80C8391CFDDD}.Debug|Any CPU.Build.0 = Debug|Any CPU
		{83B072E8-7595-4168-A70B-80C8391CFDDD}.Release|Any CPU.ActiveCfg = Release|Any CPU
		{83B072E8-7595-4168-A70B-80C8391CFDDD}.Release|Any CPU.Build.0 = Release|Any CPU
		{FADA4896-0117-40D2-9B20-F5C0A9B6CA11}.Debug|Any CPU.ActiveCfg = Debug|Any CPU
		{FADA4896-0117-40D2-9B20-F5C0A9B6CA11}.Debug|Any CPU.Build.0 = Debug|Any CPU
		{FADA4896-0117-40D2-9B20-F5C0A9B6CA11}.Release|Any CPU.ActiveCfg = Release|Any CPU
		{FADA4896-0117-40D2-9B20-F5C0A9B6CA11}.Release|Any CPU.Build.0 = Release|Any CPU
	EndGlobalSection
	GlobalSection(SolutionProperties) = preSolution
		HideSolutionNode = FALSE
	EndGlobalSection
	GlobalSection(ExtensibilityGlobals) = postSolution
		SolutionGuid = {D5F47CD3-BBCD-4672-B640-DB2BFC8A2174}
	EndGlobalSection
EndGlobal
